Microsoft Visual Studio Solution File, Format Version 12.00
# Visual Studio 15
VisualStudioVersion = 15.0.26730.3
MinimumVisualStudioVersion = 10.0.40219.1
Project("{FAE04EC0-301F-11D3-BF4B-00C04F79EFBC}") = "Cube.Core", "Cube.Core\Cube.Core.csproj", "{EDD31260-D03C-42ED-9D4D-FF915010D660}"
EndProject
Project("{FAE04EC0-301F-11D3-BF4B-00C04F79EFBC}") = "Cube.Core.Tests", "Cube.Core.Tests\Cube.Core.Tests.csproj", "{D58049C8-7B54-46F3-82C1-F68EE0662EE3}"
EndProject
Global
	GlobalSection(SolutionConfigurationPlatforms) = preSolution
		Debug|Any CPU = Debug|Any CPU
		Release|Any CPU = Release|Any CPU
	EndGlobalSection
	GlobalSection(ProjectConfigurationPlatforms) = postSolution
		{EDD31260-D03C-42ED-9D4D-FF915010D660}.Debug|Any CPU.ActiveCfg = Debug|Any CPU
		{EDD31260-D03C-42ED-9D4D-FF915010D660}.Debug|Any CPU.Build.0 = Debug|Any CPU
		{EDD31260-D03C-42ED-9D4D-FF915010D660}.Release|Any CPU.ActiveCfg = Release|Any CPU
		{EDD31260-D03C-42ED-9D4D-FF915010D660}.Release|Any CPU.Build.0 = Release|Any CPU
		{D58049C8-7B54-46F3-82C1-F68EE0662EE3}.Debug|Any CPU.ActiveCfg = Debug|Any CPU
		{D58049C8-7B54-46F3-82C1-F68EE0662EE3}.Debug|Any CPU.Build.0 = Debug|Any CPU
		{D58049C8-7B54-46F3-82C1-F68EE0662EE3}.Release|Any CPU.ActiveCfg = Release|Any CPU
		{D58049C8-7B54-46F3-82C1-F68EE0662EE3}.Release|Any CPU.Build.0 = Release|Any CPU
	EndGlobalSection
	GlobalSection(SolutionProperties) = preSolution
		HideSolutionNode = FALSE
	EndGlobalSection
	GlobalSection(ExtensibilityGlobals) = postSolution
		SolutionGuid = {75CC406B-B656-4A30-BA3E-17F99ED8C15F}
	EndGlobalSection
EndGlobal
